
Microsoft Visual Studio Solution File, Format Version 12.00
# Visual Studio Version 17
VisualStudioVersion = 17.0.31903.59
MinimumVisualStudioVersion = 10.0.40219.1
Project("{2150E333-8FDC-42A3-9474-1A3956D46DE8}") = "Engine", "Engine", "{D585295F-7994-3649-1065-7AA403C41681}"
EndProject
Project("{FAE04EC0-301F-11D3-BF4B-00C04F79EFBC}") = "ByteEngine.Core", "Engine\ByteEngine.Core\ByteEngine.Core.csproj", "{73FD1F4B-5246-471C-86B1-9BD0E6F74FC1}"
EndProject
Project("{2150E333-8FDC-42A3-9474-1A3956D46DE8}") = "Sandbox", "Sandbox", "{3D40F055-384E-DE04-BB81-B7972E166B19}"
EndProject
Project("{FAE04EC0-301F-11D3-BF4B-00C04F79EFBC}") = "ByteEngine.Sandbox", "Sandbox\ByteEngine.Sandbox\ByteEngine.Sandbox.csproj", "{CBA3BC23-5A4A-43B7-9657-0AD8F6147869}"
EndProject
Project("{2150E333-8FDC-42A3-9474-1A3956D46DE8}") = "Editor", "Editor", "{7B80B5FC-3C57-4655-AFAB-16963886B1C2}"
EndProject
Project("{FAE04EC0-301F-11D3-BF4B-00C04F79EFBC}") = "ByteEngine.Editor", "Editor\ByteEngine.Editor\ByteEngine.Editor.csproj", "{81E526DD-0B5B-4E20-B8B6-B45010AE495D}"
EndProject
Project("{2150E333-8FDC-42A3-9474-1A3956D46DE8}") = "Tests", "Tests", "{77CBFF78-3178-41E0-AC74-D78C18341671}"
EndProject
Project("{FAE04EC0-301F-11D3-BF4B-00C04F79EFBC}") = "ByteEngine.Tests", "Tests\ByteEngine.Tests\ByteEngine.Tests.csproj", "{03B50D52-F111-4023-AFC9-4DE6ED390BB7}"
EndProject
Project("{2150E333-8FDC-42A3-9474-1A3956D46DE8}") = "Player", "Player", "{57426134-9D0A-2E48-2D40-D2AD266E9BA8}"
EndProject
Project("{FAE04EC0-301F-11D3-BF4B-00C04F79EFBC}") = "ByteEngine.Player", "Player\ByteEngine.Player\ByteEngine.Player.csproj", "{A9F27903-3493-4318-9B27-DFB68A614067}"
EndProject
Project("{2150E333-8FDC-42A3-9474-1A3956D46DE8}") = "Tools", "Tools", "{07C2787E-EAC7-C090-1BA3-A61EC2A24D84}"
EndProject
Project("{FAE04EC0-301F-11D3-BF4B-00C04F79EFBC}") = "ByteEngine.Mcp", "Tools\ByteEngine.Mcp\ByteEngine.Mcp.csproj", "{5BF46645-F001-4DA9-AE7E-7404C87D77D6}"
EndProject
Project("{2150E333-8FDC-42A3-9474-1A3956D46DE8}") = "Plugins", "Plugins", "{07D57EEB-2F50-60C4-C011-FE4FA775C9A8}"
EndProject
Project("{2150E333-8FDC-42A3-9474-1A3956D46DE8}") = "GoblinScrapper", "GoblinScrapper", "{08B8E64E-BF82-4254-64FC-3F0236F1C233}"
EndProject
Project("{FAE04EC0-301F-11D3-BF4B-00C04F79EFBC}") = "GoblinScrapper.Plugin", "Plugins\GoblinScrapper\GoblinScrapper.Plugin.csproj", "{2D781C08-C783-44ED-8F0C-1B28E6C6E727}"
EndProject
Project("{FAE04EC0-301F-11D3-BF4B-00C04F79EFBC}") = "SpaceScraper.Plugin", "Plugins\SpaceScraper\SpaceScraper.Plugin.csproj", "{FE01A9C1-D2A0-465A-9256-EDC4F45B187A}"
EndProject
Global
	GlobalSection(SolutionConfigurationPlatforms) = preSolution
		Debug|Any CPU = Debug|Any CPU
		Debug|x64 = Debug|x64
		Debug|x86 = Debug|x86
		Release|Any CPU = Release|Any CPU
		Release|x64 = Release|x64
		Release|x86 = Release|x86
	EndGlobalSection
	GlobalSection(ProjectConfigurationPlatforms) = postSolution
		{73FD1F4B-5246-471C-86B1-9BD0E6F74FC1}.Debug|Any CPU.ActiveCfg = Debug|Any CPU
		{73FD1F4B-5246-471C-86B1-9BD0E6F74FC1}.Debug|Any CPU.Build.0 = Debug|Any CPU
		{73FD1F4B-5246-471C-86B1-9BD0E6F74FC1}.Debug|x64.ActiveCfg = Debug|Any CPU
		{73FD1F4B-5246-471C-86B1-9BD0E6F74FC1}.Debug|x64.Build.0 = Debug|Any CPU
		{73FD1F4B-5246-471C-86B1-9BD0E6F74FC1}.Debug|x86.ActiveCfg = Debug|Any CPU
		{73FD1F4B-5246-471C-86B1-9BD0E6F74FC1}.Debug|x86.Build.0 = Debug|Any CPU
		{73FD1F4B-5246-471C-86B1-9BD0E6F74FC1}.Release|Any CPU.ActiveCfg = Release|Any CPU
		{73FD1F4B-5246-471C-86B1-9BD0E6F74FC1}.Release|Any CPU.Build.0 = Release|Any CPU
		{73FD1F4B-5246-471C-86B1-9BD0E6F74FC1}.Release|x64.ActiveCfg = Release|Any CPU
		{73FD1F4B-5246-471C-86B1-9BD0E6F74FC1}.Release|x64.Build.0 = Release|Any CPU
		{73FD1F4B-5246-471C-86B1-9BD0E6F74FC1}.Release|x86.ActiveCfg = Release|Any CPU
		{73FD1F4B-5246-471C-86B1-9BD0E6F74FC1}.Release|x86.Build.0 = Release|Any CPU
		{CBA3BC23-5A4A-43B7-9657-0AD8F6147869}.Debug|Any CPU.ActiveCfg = Debug|Any CPU
		{CBA3BC23-5A4A-43B7-9657-0AD8F6147869}.Debug|Any CPU.Build.0 = Debug|Any CPU
		{CBA3BC23-5A4A-43B7-9657-0AD8F6147869}.Debug|x64.ActiveCfg = Debug|Any CPU
		{CBA3BC23-5A4A-43B7-9657-0AD8F6147869}.Debug|x64.Build.0 = Debug|Any CPU
		{CBA3BC23-5A4A-43B7-9657-0AD8F6147869}.Debug|x86.ActiveCfg = Debug|Any CPU
		{CBA3BC23-5A4A-43B7-9657-0AD8F6147869}.Debug|x86.Build.0 = Debug|Any CPU
		{CBA3BC23-5A4A-43B7-9657-0AD8F6147869}.Release|Any CPU.ActiveCfg = Release|Any CPU
		{CBA3BC23-5A4A-43B7-9657-0AD8F6147869}.Release|Any CPU.Build.0 = Release|Any CPU
		{CBA3BC23-5A4A-43B7-9657-0AD8F6147869}.Release|x64.ActiveCfg = Release|Any CPU
		{CBA3BC23-5A4A-43B7-9657-0AD8F6147869}.Release|x64.Build.0 = Release|Any CPU
		{CBA3BC23-5A4A-43B7-9657-0AD8F6147869}.Release|x86.ActiveCfg = Release|Any CPU
		{CBA3BC23-5A4A-43B7-9657-0AD8F6147869}.Release|x86.Build.0 = Release|Any CPU
		{81E526DD-0B5B-4E20-B8B6-B45010AE495D}.Debug|Any CPU.ActiveCfg = Debug|Any CPU
		{81E526DD-0B5B-4E20-B8B6-B45010AE495D}.Debug|Any CPU.Build.0 = Debug|Any CPU
		{81E526DD-0B5B-4E20-B8B6-B45010AE495D}.Debug|x64.ActiveCfg = Debug|Any CPU
		{81E526DD-0B5B-4E20-B8B6-B45010AE495D}.Debug|x64.Build.0 = Debug|Any CPU
		{81E526DD-0B5B-4E20-B8B6-B45010AE495D}.Debug|x86.ActiveCfg = Debug|Any CPU
		{81E526DD-0B5B-4E20-B8B6-B45010AE495D}.Debug|x86.Build.0 = Debug|Any CPU
		{81E526DD-0B5B-4E20-B8B6-B45010AE495D}.Release|Any CPU.ActiveCfg = Release|Any CPU
		{81E526DD-0B5B-4E20-B8B6-B45010AE495D}.Release|Any CPU.Build.0 = Release|Any CPU
		{81E526DD-0B5B-4E20-B8B6-B45010AE495D}.Release|x64.ActiveCfg = Release|Any CPU
		{81E526DD-0B5B-4E20-B8B6-B45010AE495D}.Release|x64.Build.0 = Release|Any CPU
		{81E526DD-0B5B-4E20-B8B6-B45010AE495D}.Release|x86.ActiveCfg = Release|Any CPU
		{81E526DD-0B5B-4E20-B8B6-B45010AE495D}.Release|x86.Build.0 = Release|Any CPU
		{03B50D52-F111-4023-AFC9-4DE6ED390BB7}.Debug|Any CPU.ActiveCfg = Debug|Any CPU
		{03B50D52-F111-4023-AFC9-4DE6ED390BB7}.Debug|Any CPU.Build.0 = Debug|Any CPU
		{03B50D52-F111-4023-AFC9-4DE6ED390BB7}.Debug|x64.ActiveCfg = Debug|Any CPU
		{03B50D52-F111-4023-AFC9-4DE6ED390BB7}.Debug|x64.Build.0 = Debug|Any CPU
		{03B50D52-F111-4023-AFC9-4DE6ED390BB7}.Debug|x86.ActiveCfg = Debug|Any CPU
		{03B50D52-F111-4023-AFC9-4DE6ED390BB7}.Debug|x86.Build.0 = Debug|Any CPU
		{03B50D52-F111-4023-AFC9-4DE6ED390BB7}.Release|Any CPU.ActiveCfg = Release|Any CPU
		{03B50D52-F111-4023-AFC9-4DE6ED390BB7}.Release|Any CPU.Build.0 = Release|Any CPU
		{03B50D52-F111-4023-AFC9-4DE6ED390BB7}.Release|x64.ActiveCfg = Release|Any CPU
		{03B50D52-F111-4023-AFC9-4DE6ED390BB7}.Release|x64.Build.0 = Release|Any CPU
		{03B50D52-F111-4023-AFC9-4DE6ED390BB7}.Release|x86.ActiveCfg = Release|Any CPU
		{03B50D52-F111-4023-AFC9-4DE6ED390BB7}.Release|x86.Build.0 = Release|Any CPU
		{A9F27903-3493-4318-9B27-DFB68A614067}.Debug|Any CPU.ActiveCfg = Debug|Any CPU
		{A9F27903-3493-4318-9B27-DFB68A614067}.Debug|Any CPU.Build.0 = Debug|Any CPU
		{A9F27903-3493-4318-9B27-DFB68A614067}.Debug|x64.ActiveCfg = Debug|Any CPU
		{A9F27903-3493-4318-9B27-DFB68A614067}.Debug|x64.Build.0 = Debug|Any CPU
		{A9F27903-3493-4318-9B27-DFB68A614067}.Debug|x86.ActiveCfg = Debug|Any CPU
		{A9F27903-3493-4318-9B27-DFB68A614067}.Debug|x86.Build.0 = Debug|Any CPU
		{A9F27903-3493-4318-9B27-DFB68A614067}.Release|Any CPU.ActiveCfg = Release|Any CPU
		{A9F27903-3493-4318-9B27-DFB68A614067}.Release|Any CPU.Build.0 = Release|Any CPU
		{A9F27903-3493-4318-9B27-DFB68A614067}.Release|x64.ActiveCfg = Release|Any CPU
		{A9F27903-3493-4318-9B27-DFB68A614067}.Release|x64.Build.0 = Release|Any CPU
		{A9F27903-3493-4318-9B27-DFB68A614067}.Release|x86.ActiveCfg = Release|Any CPU
		{A9F27903-3493-4318-9B27-DFB68A614067}.Release|x86.Build.0 = Release|Any CPU
		{5BF46645-F001-4DA9-AE7E-7404C87D77D6}.Debug|Any CPU.ActiveCfg = Debug|Any CPU
		{5BF46645-F001-4DA9-AE7E-7404C87D77D6}.Debug|Any CPU.Build.0 = Debug|Any CPU
		{5BF46645-F001-4DA9-AE7E-7404C87D77D6}.Debug|x64.ActiveCfg = Debug|Any CPU
		{5BF46645-F001-4DA9-AE7E-7404C87D77D6}.Debug|x64.Build.0 = Debug|Any CPU
		{5BF46645-F001-4DA9-AE7E-7404C87D77D6}.Debug|x86.ActiveCfg = Debug|Any CPU
		{5BF46645-F001-4DA9-AE7E-7404C87D77D6}.Debug|x86.Build.0 = Debug|Any CPU
		{5BF46645-F001-4DA9-AE7E-7404C87D77D6}.Release|Any CPU.ActiveCfg = Release|Any CPU
		{5BF46645-F001-4DA9-AE7E-7404C87D77D6}.Release|Any CPU.Build.0 = Release|Any CPU
		{5BF46645-F001-4DA9-AE7E-7404C87D77D6}.Release|x64.ActiveCfg = Release|Any CPU
		{5BF46645-F001-4DA9-AE7E-7404C87D77D6}.Release|x64.Build.0 = Release|Any CPU
		{5BF46645-F001-4DA9-AE7E-7404C87D77D6}.Release|x86.ActiveCfg = Release|Any CPU
		{5BF46645-F001-4DA9-AE7E-7404C87D77D6}.Release|x86.Build.0 = Release|Any CPU
		{2D781C08-C783-44ED-8F0C-1B28E6C6E727}.Debug|Any CPU.ActiveCfg = Debug|Any CPU
		{2D781C08-C783-44ED-8F0C-1B28E6C6E727}.Debug|Any CPU.Build.0 = Debug|Any CPU
		{2D781C08-C783-44ED-8F0C-1B28E6C6E727}.Debug|x64.ActiveCfg = Debug|Any CPU
		{2D781C08-C783-44ED-8F0C-1B28E6C6E727}.Debug|x64.Build.0 = Debug|Any CPU
		{2D781C08-C783-44ED-8F0C-1B28E6C6E727}.Debug|x86.ActiveCfg = Debug|Any CPU
		{2D781C08-C783-44ED-8F0C-1B28E6C6E727}.Debug|x86.Build.0 = Debug|Any CPU
		{2D781C08-C783-44ED-8F0C-1B28E6C6E727}.Release|Any CPU.ActiveCfg = Release|Any CPU
		{2D781C08-C783-44ED-8F0C-1B28E6C6E727}.Release|Any CPU.Build.0 = Release|Any CPU
		{2D781C08-C783-44ED-8F0C-1B28E6C6E727}.Release|x64.ActiveCfg = Release|Any CPU
		{2D781C08-C783-44ED-8F0C-1B28E6C6E727}.Release|x64.Build.0 = Release|Any CPU
		{2D781C08-C783-44ED-8F0C-1B28E6C6E727}.Release|x86.ActiveCfg = Release|Any CPU
		{2D781C08-C783-44ED-8F0C-1B28E6C6E727}.Release|x86.Build.0 = Release|Any CPU
		{FE01A9C1-D2A0-465A-9256-EDC4F45B187A}.Debug|Any CPU.ActiveCfg = Debug|Any CPU
		{FE01A9C1-D2A0-465A-9256-EDC4F45B187A}.Debug|Any CPU.Build.0 = Debug|Any CPU
		{FE01A9C1-D2A0-465A-9256-EDC4F45B187A}.Debug|x64.ActiveCfg = Debug|Any CPU
		{FE01A9C1-D2A0-465A-9256-EDC4F45B187A}.Debug|x64.Build.0 = Debug|Any CPU
		{FE01A9C1-D2A0-465A-9256-EDC4F45B187A}.Debug|x86.ActiveCfg = Debug|Any CPU
		{FE01A9C1-D2A0-465A-9256-EDC4F45B187A}.Debug|x86.Build.0 = Debug|Any CPU
		{FE01A9C1-D2A0-465A-9256-EDC4F45B187A}.Release|Any CPU.ActiveCfg = Release|Any CPU
		{FE01A9C1-D2A0-465A-9256-EDC4F45B187A}.Release|Any CPU.Build.0 = Release|Any CPU
		{FE01A9C1-D2A0-465A-9256-EDC4F45B187A}.Release|x64.ActiveCfg = Release|Any CPU
		{FE01A9C1-D2A0-465A-9256-EDC4F45B187A}.Release|x64.Build.0 = Release|Any CPU
		{FE01A9C1-D2A0-465A-9256-EDC4F45B187A}.Release|x86.ActiveCfg = Release|Any CPU
		{FE01A9C1-D2A0-465A-9256-EDC4F45B187A}.Release|x86.Build.0 = Release|Any CPU
	EndGlobalSection
	GlobalSection(SolutionProperties) = preSolution
		HideSolutionNode = FALSE
	EndGlobalSection
	GlobalSection(NestedProjects) = preSolution
		{73FD1F4B-5246-471C-86B1-9BD0E6F74FC1} = {D585295F-7994-3649-1065-7AA403C41681}
		{CBA3BC23-5A4A-43B7-9657-0AD8F6147869} = {3D40F055-384E-DE04-BB81-B7972E166B19}
		{81E526DD-0B5B-4E20-B8B6-B45010AE495D} = {7B80B5FC-3C57-4655-AFAB-16963886B1C2}
		{03B50D52-F111-4023-AFC9-4DE6ED390BB7} = {77CBFF78-3178-41E0-AC74-D78C18341671}
		{A9F27903-3493-4318-9B27-DFB68A614067} = {57426134-9D0A-2E48-2D40-D2AD266E9BA8}
		{5BF46645-F001-4DA9-AE7E-7404C87D77D6} = {07C2787E-EAC7-C090-1BA3-A61EC2A24D84}
		{08B8E64E-BF82-4254-64FC-3F0236F1C233} = {07D57EEB-2F50-60C4-C011-FE4FA775C9A8}
		{2D781C08-C783-44ED-8F0C-1B28E6C6E727} = {08B8E64E-BF82-4254-64FC-3F0236F1C233}
		{FE01A9C1-D2A0-465A-9256-EDC4F45B187A} = {08B8E64E-BF82-4254-64FC-3F0236F1C233}
	EndGlobalSection
EndGlobal
